// !$*UTF8*$!
{
	archiveVersion = 1;
	classes = {
	};
	objectVersion = 50;
	objects = {

/* Begin PBXBuildFile section */
		18CA6FE1212E7EBC00937FB7 /* AppDelegate.swift in Sources */ = {isa = PBXBuildFile; fileRef = 18CA6FE0212E7EBC00937FB7 /* AppDelegate.swift */; };
		18CA6FE3212E7EBC00937FB7 /* ViewController.swift in Sources */ = {isa = PBXBuildFile; fileRef = 18CA6FE2212E7EBC00937FB7 /* ViewController.swift */; };
		18CA6FE6212E7EBC00937FB7 /* Main.storyboard in Resources */ = {isa = PBXBuildFile; fileRef = 18CA6FE4212E7EBC00937FB7 /* Main.storyboard */; };
		18CA6FE8212E7EBE00937FB7 /* Assets.xcassets in Resources */ = {isa = PBXBuildFile; fileRef = 18CA6FE7212E7EBE00937FB7 /* Assets.xcassets */; };
		18CA6FEB212E7EBE00937FB7 /* LaunchScreen.storyboard in Resources */ = {isa = PBXBuildFile; fileRef = 18CA6FE9212E7EBE00937FB7 /* LaunchScreen.storyboard */; };
		B015D907212EA1170046D861 /* TodayImageViewController.swift in Sources */ = {isa = PBXBuildFile; fileRef = B015D906212EA1170046D861 /* TodayImageViewController.swift */; };
		B015D925212EB3560046D861 /* ConditionViewController.swift in Sources */ = {isa = PBXBuildFile; fileRef = B015D924212EB3560046D861 /* ConditionViewController.swift */; };
		B015D927212EB5B80046D861 /* MyImagesTableViewController.swift in Sources */ = {isa = PBXBuildFile; fileRef = B015D926212EB5B80046D861 /* MyImagesTableViewController.swift */; };
		B015D929212EB6030046D861 /* AchievementTableViewController.swift in Sources */ = {isa = PBXBuildFile; fileRef = B015D928212EB6030046D861 /* AchievementTableViewController.swift */; };
/* End PBXBuildFile section */

/* Begin PBXFileReference section */
		18CA6FDD212E7EBC00937FB7 /* demo.app */ = {isa = PBXFileReference; explicitFileType = wrapper.application; includeInIndex = 0; path = demo.app; sourceTree = BUILT_PRODUCTS_DIR; };
		18CA6FE0212E7EBC00937FB7 /* AppDelegate.swift */ = {isa = PBXFileReference; lastKnownFileType = sourcecode.swift; path = AppDelegate.swift; sourceTree = "<group>"; };
		18CA6FE2212E7EBC00937FB7 /* ViewController.swift */ = {isa = PBXFileReference; lastKnownFileType = sourcecode.swift; path = ViewController.swift; sourceTree = "<group>"; };
		18CA6FE5212E7EBC00937FB7 /* Base */ = {isa = PBXFileReference; lastKnownFileType = file.storyboard; name = Base; path = Base.lproj/Main.storyboard; sourceTree = "<group>"; };
		18CA6FE7212E7EBE00937FB7 /* Assets.xcassets */ = {isa = PBXFileReference; lastKnownFileType = folder.assetcatalog; path = Assets.xcassets; sourceTree = "<group>"; };
		18CA6FEA212E7EBE00937FB7 /* Base */ = {isa = PBXFileReference; lastKnownFileType = file.storyboard; name = Base; path = Base.lproj/LaunchScreen.storyboard; sourceTree = "<group>"; };
		18CA6FEC212E7EBE00937FB7 /* Info.plist */ = {isa = PBXFileReference; lastKnownFileType = text.plist.xml; path = Info.plist; sourceTree = "<group>"; };
		B015D906212EA1170046D861 /* TodayImageViewController.swift */ = {isa = PBXFileReference; lastKnownFileType = sourcecode.swift; path = TodayImageViewController.swift; sourceTree = "<group>"; };
		B015D924212EB3560046D861 /* ConditionViewController.swift */ = {isa = PBXFileReference; lastKnownFileType = sourcecode.swift; path = ConditionViewController.swift; sourceTree = "<group>"; };
		B015D926212EB5B80046D861 /* MyImagesTableViewController.swift */ = {isa = PBXFileReference; lastKnownFileType = sourcecode.swift; path = MyImagesTableViewController.swift; sourceTree = "<group>"; };
		B015D928212EB6030046D861 /* AchievementTableViewController.swift */ = {isa = PBXFileReference; lastKnownFileType = sourcecode.swift; path = AchievementTableViewController.swift; sourceTree = "<group>"; };
/* End PBXFileReference section */

/* Begin PBXFrameworksBuildPhase section */
		18CA6FDA212E7EBC00937FB7 /* Frameworks */ = {
			isa = PBXFrameworksBuildPhase;
			buildActionMask = 2147483647;
			files = (
			);
			runOnlyForDeploymentPostprocessing = 0;
		};
/* End PBXFrameworksBuildPhase section */

/* Begin PBXGroup section */
		18CA6FD4212E7EBC00937FB7 = {
			isa = PBXGroup;
			children = (
				18CA6FDF212E7EBC00937FB7 /* demo */,
				18CA6FDE212E7EBC00937FB7 /* Products */,
			);
			sourceTree = "<group>";
		};
		18CA6FDE212E7EBC00937FB7 /* Products */ = {
			isa = PBXGroup;
			children = (
				18CA6FDD212E7EBC00937FB7 /* demo.app */,
			);
			name = Products;
			sourceTree = "<group>";
		};
		18CA6FDF212E7EBC00937FB7 /* demo */ = {
			isa = PBXGroup;
			children = (
				18CA6FE0212E7EBC00937FB7 /* AppDelegate.swift */,
				18CA6FE2212E7EBC00937FB7 /* ViewController.swift */,
				18CA6FE4212E7EBC00937FB7 /* Main.storyboard */,
				B015D906212EA1170046D861 /* TodayImageViewController.swift */,
				18CA6FE7212E7EBE00937FB7 /* Assets.xcassets */,
				18CA6FE9212E7EBE00937FB7 /* LaunchScreen.storyboard */,
				18CA6FEC212E7EBE00937FB7 /* Info.plist */,
				B015D924212EB3560046D861 /* ConditionViewController.swift */,
				B015D926212EB5B80046D861 /* MyImagesTableViewController.swift */,
				B015D928212EB6030046D861 /* AchievementTableViewController.swift */,
			);
			path = demo;
			sourceTree = "<group>";
		};
/* End PBXGroup section */

/* Begin PBXNativeTarget section */
		18CA6FDC212E7EBC00937FB7 /* demo */ = {
			isa = PBXNativeTarget;
			buildConfigurationList = 18CA6FEF212E7EBE00937FB7 /* Build configuration list for PBXNativeTarget "demo" */;
			buildPhases = (
				18CA6FD9212E7EBC00937FB7 /* Sources */,
				18CA6FDA212E7EBC00937FB7 /* Frameworks */,
				18CA6FDB212E7EBC00937FB7 /* Resources */,
			);
			buildRules = (
			);
			dependencies = (
			);
			name = demo;
			productName = demo;
			productReference = 18CA6FDD212E7EBC00937FB7 /* demo.app */;
			productType = "com.apple.product-type.application";
		};
/* End PBXNativeTarget section */

/* Begin PBXProject section */
		18CA6FD5212E7EBC00937FB7 /* Project object */ = {
			isa = PBXProject;
			attributes = {
				LastSwiftUpdateCheck = 0940;
				LastUpgradeCheck = 0940;
				ORGANIZATIONNAME = Hello;
				TargetAttributes = {
					18CA6FDC212E7EBC00937FB7 = {
						CreatedOnToolsVersion = 9.4.1;
					};
				};
			};
			buildConfigurationList = 18CA6FD8212E7EBC00937FB7 /* Build configuration list for PBXProject "demo" */;
			compatibilityVersion = "Xcode 9.3";
			developmentRegion = en;
			hasScannedForEncodings = 0;
			knownRegions = (
				en,
				Base,
			);
			mainGroup = 18CA6FD4212E7EBC00937FB7;
			productRefGroup = 18CA6FDE212E7EBC00937FB7 /* Products */;
			projectDirPath = "";
			projectRoot = "";
			targets = (
				18CA6FDC212E7EBC00937FB7 /* demo */,
			);
		};
/* End PBXProject section */

/* Begin PBXResourcesBuildPhase section */
		18CA6FDB212E7EBC00937FB7 /* Resources */ = {
			isa = PBXResourcesBuildPhase;
			buildActionMask = 2147483647;
			files = (
				18CA6FEB212E7EBE00937FB7 /* LaunchScreen.storyboard in Resources */,
				18CA6FE8212E7EBE00937FB7 /* Assets.xcassets in Resources */,
				18CA6FE6212E7EBC00937FB7 /* Main.storyboard in Resources */,
			);
			runOnlyForDeploymentPostprocessing = 0;
		};
/* End PBXResourcesBuildPhase section */

/* Begin PBXSourcesBuildPhase section */
		18CA6FD9212E7EBC00937FB7 /* Sources */ = {
			isa = PBXSourcesBuildPhase;
			buildActionMask = 2147483647;
			files = (
				18CA6FE3212E7EBC00937FB7 /* ViewController.swift in Sources */,
				B015D907212EA1170046D861 /* TodayImageViewController.swift in Sources */,
				B015D925212EB3560046D861 /* ConditionViewController.swift in Sources */,
				B015D929212EB6030046D861 /* AchievementTableViewController.swift in Sources */,
				18CA6FE1212E7EBC00937FB7 /* AppDelegate.swift in Sources */,
				B015D927212EB5B80046D861 /* MyImagesTableViewController.swift in Sources */,
			);
			runOnlyForDeploymentPostprocessing = 0;
		};
/* End PBXSourcesBuildPhase section */

/* Begin PBXVariantGroup section */
		18CA6FE4212E7EBC00937FB7 /* Main.storyboard */ = {
			isa = PBXVariantGroup;
			children = (
				18CA6FE5212E7EBC00937FB7 /* Base */,
			);
			name = Main.storyboard;
			sourceTree = "<group>";
		};
		18CA6FE9212E7EBE00937FB7 /* LaunchScreen.storyboard */ = {
			isa = PBXVariantGroup;
			children = (
				18CA6FEA212E7EBE00937FB7 /* Base */,
			);
			name = LaunchScreen.storyboard;
			sourceTree = "<group>";
		};
/* End PBXVariantGroup section */

/* Begin XCBuildConfiguration section */
		18CA6FED212E7EBE00937FB7 /* Debug */ = {
			isa = XCBuildConfiguration;
			buildSettings = {
				ALWAYS_SEARCH_USER_PATHS = NO;
				CLANG_ANALYZER_NONNULL = YES;
				CLANG_ANALYZER_NUMBER_OBJECT_CONVERSION = YES_AGGRESSIVE;
				CLANG_CXX_LANGUAGE_STANDARD = "gnu++14";
				CLANG_CXX_LIBRARY = "libc++";
				CLANG_ENABLE_MODULES = YES;
				CLANG_ENABLE_OBJC_ARC = YES;
				CLANG_ENABLE_OBJC_WEAK = YES;
				CLANG_WARN_BLOCK_CAPTURE_AUTORELEASING = YES;
				CLANG_WARN_BOOL_CONVERSION = YES;
				CLANG_WARN_COMMA = YES;
				CLANG_WARN_CONSTANT_CONVERSION = YES;
				CLANG_WARN_DEPRECATED_OBJC_IMPLEMENTATIONS = YES;
				CLANG_WARN_DIRECT_OBJC_ISA_USAGE = YES_ERROR;
				CLANG_WARN_DOCUMENTATION_COMMENTS = YES;
				CLANG_WARN_EMPTY_BODY = YES;
				CLANG_WARN_ENUM_CONVERSION = YES;
				CLANG_WARN_INFINITE_RECURSION = YES;
				CLANG_WARN_INT_CONVERSION = YES;
				CLANG_WARN_NON_LITERAL_NULL_CONVERSION = YES;
				CLANG_WARN_OBJC_IMPLICIT_RETAIN_SELF = YES;
				CLANG_WARN_OBJC_LITERAL_CONVERSION = YES;
				CLANG_WARN_OBJC_ROOT_CLASS = YES_ERROR;
				CLANG_WARN_RANGE_LOOP_ANALYSIS = YES;
				CLANG_WARN_STRICT_PROTOTYPES = YES;
				CLANG_WARN_SUSPICIOUS_MOVE = YES;
				CLANG_WARN_UNGUARDED_AVAILABILITY = YES_AGGRESSIVE;
				CLANG_WARN_UNREACHABLE_CODE = YES;
				CLANG_WARN__DUPLICATE_METHOD_MATCH = YES;
				CODE_SIGN_IDENTITY = "iPhone Developer";
				COPY_PHASE_STRIP = NO;
				DEBUG_INFORMATION_FORMAT = dwarf;
				ENABLE_STRICT_OBJC_MSGSEND = YES;
				ENABLE_TESTABILITY = YES;
				GCC_C_LANGUAGE_STANDARD = gnu11;
				GCC_DYNAMIC_NO_PIC = NO;
				GCC_NO_COMMON_BLOCKS = YES;
				GCC_OPTIMIZATION_LEVEL = 0;
				GCC_PREPROCESSOR_DEFINITIONS = (
					"DEBUG=1",
					"$(inherited)",
				);
				GCC_WARN_64_TO_32_BIT_CONVERSION = YES;
				GCC_WARN_ABOUT_RETURN_TYPE = YES_ERROR;
				GCC_WARN_UNDECLARED_SELECTOR = YES;
				GCC_WARN_UNINITIALIZED_AUTOS = YES_AGGRESSIVE;
				GCC_WARN_UNUSED_FUNCTION = YES;
				GCC_WARN_UNUSED_VARIABLE = YES;
				IPHONEOS_DEPLOYMENT_TARGET = 11.4;
				MTL_ENABLE_DEBUG_INFO = YES;
				ONLY_ACTIVE_ARCH = YES;
				SDKROOT = iphoneos;
				SWIFT_ACTIVE_COMPILATION_CONDITIONS = DEBUG;
				SWIFT_OPTIMIZATION_LEVEL = "-Onone";
			};
			name = Debug;
		};
		18CA6FEE212E7EBE00937FB7 /* Release */ = {
			isa = XCBuildConfiguration;
			buildSettings = {
				ALWAYS_SEARCH_USER_PATHS = NO;
				CLANG_ANALYZER_NONNULL = YES;
				CLANG_ANALYZER_NUMBER_OBJECT_CONVERSION = YES_AGGRESSIVE;
				CLANG_CXX_LANGUAGE_STANDARD = "gnu++14";
				CLANG_CXX_LIBRARY = "libc++";
				CLANG_ENABLE_MODULES = YES;
				CLANG_ENABLE_OBJC_ARC = YES;
				CLANG_ENABLE_OBJC_WEAK = YES;
				CLANG_WARN_BLOCK_CAPTURE_AUTORELEASING = YES;
				CLANG_WARN_BOOL_CONVERSION = YES;
				CLANG_WARN_COMMA = YES;
				CLANG_WARN_CONSTANT_CONVERSION = YES;
				CLANG_WARN_DEPRECATED_OBJC_IMPLEMENTATIONS = YES;
				CLANG_WARN_DIRECT_OBJC_ISA_USAGE = YES_ERROR;
				CLANG_WARN_DOCUMENTATION_COMMENTS = YES;
				CLANG_WARN_EMPTY_BODY = YES;
				CLANG_WARN_ENUM_CONVERSION = YES;
				CLANG_WARN_INFINITE_RECURSION = YES;
				CLANG_WARN_INT_CONVERSION = YES;
				CLANG_WARN_NON_LITERAL_NULL_CONVERSION = YES;
				CLANG_WARN_OBJC_IMPLICIT_RETAIN_SELF = YES;
				CLANG_WARN_OBJC_LITERAL_CONVERSION = YES;
				CLANG_WARN_OBJC_ROOT_CLASS = YES_ERROR;
				CLANG_WARN_RANGE_LOOP_ANALYSIS = YES;
				CLANG_WARN_STRICT_PROTOTYPES = YES;
				CLANG_WARN_SUSPICIOUS_MOVE = YES;
				CLANG_WARN_UNGUARDED_AVAILABILITY = YES_AGGRESSIVE;
				CLANG_WARN_UNREACHABLE_CODE = YES;
				CLANG_WARN__DUPLICATE_METHOD_MATCH = YES;
				CODE_SIGN_IDENTITY = "iPhone Developer";
				COPY_PHASE_STRIP = NO;
				DEBUG_INFORMATION_FORMAT = "dwarf-with-dsym";
				ENABLE_NS_ASSERTIONS = NO;
				ENABLE_STRICT_OBJC_MSGSEND = YES;
				GCC_C_LANGUAGE_STANDARD = gnu11;
				GCC_NO_COMMON_BLOCKS = YES;
				GCC_WARN_64_TO_32_BIT_CONVERSION = YES;
				GCC_WARN_ABOUT_RETURN_TYPE = YES_ERROR;
				GCC_WARN_UNDECLARED_SELECTOR = YES;
				GCC_WARN_UNINITIALIZED_AUTOS = YES_AGGRESSIVE;
				GCC_WARN_UNUSED_FUNCTION = YES;
				GCC_WARN_UNUSED_VARIABLE = YES;
				IPHONEOS_DEPLOYMENT_TARGET = 11.4;
				MTL_ENABLE_DEBUG_INFO = NO;
				SDKROOT = iphoneos;
				SWIFT_COMPILATION_MODE = wholemodule;
				SWIFT_OPTIMIZATION_LEVEL = "-O";
				VALIDATE_PRODUCT = YES;
			};
			name = Release;
		};
		18CA6FF0212E7EBE00937FB7 /* Debug */ = {
			isa = XCBuildConfiguration;
			buildSettings = {
				ASSETCATALOG_COMPILER_APPICON_NAME = AppIcon;
				CODE_SIGN_STYLE = Automatic;
				INFOPLIST_FILE = demo/Info.plist;
				LD_RUNPATH_SEARCH_PATHS = (
					"$(inherited)",
					"@executable_path/Frameworks",
				);
				PRODUCT_BUNDLE_IDENTIFIER = h.demo;
				PRODUCT_NAME = "$(TARGET_NAME)";
				SWIFT_VERSION = 4.0;
				TARGETED_DEVICE_FAMILY = "1,2";
			};
			name = Debug;
		};
		18CA6FF1212E7EBE00937FB7 /* Release */ = {
			isa = XCBuildConfiguration;
			buildSettings = {
				ASSETCATALOG_COMPILER_APPICON_NAME = AppIcon;
				CODE_SIGN_STYLE = Automatic;
				INFOPLIST_FILE = demo/Info.plist;
				LD_RUNPATH_SEARCH_PATHS = (
					"$(inherited)",
					"@executable_path/Frameworks",
				);
				PRODUCT_BUNDLE_IDENTIFIER = h.demo;
				PRODUCT_NAME = "$(TARGET_NAME)";
				SWIFT_VERSION = 4.0;
				TARGETED_DEVICE_FAMILY = "1,2";
			};
			name = Release;
		};
/* End XCBuildConfiguration section */

/* Begin XCConfigurationList section */
		18CA6FD8212E7EBC00937FB7 /* Build configuration list for PBXProject "demo" */ = {
			isa = XCConfigurationList;
			buildConfigurations = (
				18CA6FED212E7EBE00937FB7 /* Debug */,
				18CA6FEE212E7EBE00937FB7 /* Release */,
			);
			defaultConfigurationIsVisible = 0;
			defaultConfigurationName = Release;
		};
		18CA6FEF212E7EBE00937FB7 /* Build configuration list for PBXNativeTarget "demo" */ = {
			isa = XCConfigurationList;
			buildConfigurations = (
				18CA6FF0212E7EBE00937FB7 /* Debug */,
				18CA6FF1212E7EBE00937FB7 /* Release */,
			);
			defaultConfigurationIsVisible = 0;
			defaultConfigurationName = Release;
		};
/* End XCConfigurationList section */
	};
	rootObject = 18CA6FD5212E7EBC00937FB7 /* Project object */;
}
